
Microsoft Visual Studio Solution File, Format Version 12.00
# Visual Studio Version 17
VisualStudioVersion = 17.14.36203.30 d17.14
MinimumVisualStudioVersion = 10.0.40219.1
Project("{FAE04EC0-301F-11D3-BF4B-00C04F79EFBC}") = "NewsAggregatorConsoleApp", "NewsAggregatorConsoleApp.csproj", "{0CFBBB95-8CA7-47CB-9BD1-08D4E9696338}"
EndProject
Global
	GlobalSection(SolutionConfigurationPlatforms) = preSolution
		Debug|Any CPU = Debug|Any CPU
		Release|Any CPU = Release|Any CPU
	EndGlobalSection
	GlobalSection(ProjectConfigurationPlatforms) = postSolution
		{0CFBBB95-8CA7-47CB-9BD1-08D4E9696338}.Debug|Any CPU.ActiveCfg = Debug|Any CPU
		{0CFBBB95-8CA7-47CB-9BD1-08D4E9696338}.Debug|Any CPU.Build.0 = Debug|Any CPU
		{0CFBBB95-8CA7-47CB-9BD1-08D4E9696338}.Release|Any CPU.ActiveCfg = Release|Any CPU
		{0CFBBB95-8CA7-47CB-9BD1-08D4E9696338}.Release|Any CPU.Build.0 = Release|Any CPU
	EndGlobalSection
	GlobalSection(SolutionProperties) = preSolution
		HideSolutionNode = FALSE
	EndGlobalSection
	GlobalSection(ExtensibilityGlobals) = postSolution
		SolutionGuid = {CE12BBC8-C4D8-409C-86AE-AD7A881DBF7B}
	EndGlobalSection
EndGlobal
